
Microsoft Visual Studio Solution File, Format Version 12.00
# Visual Studio Version 17
VisualStudioVersion = 17.14.36623.8 d17.14
MinimumVisualStudioVersion = 10.0.40219.1
Project("{FAE04EC0-301F-11D3-BF4B-00C04F79EFBC}") = "IntelligentMealPreparationAPI", "IntelligentMealPreparationAPI.csproj", "{94C9E5CA-13C6-408C-BCA2-9BA12E9849EA}"
EndProject
Global
	GlobalSection(SolutionConfigurationPlatforms) = preSolution
		Debug|Any CPU = Debug|Any CPU
		Release|Any CPU = Release|Any CPU
	EndGlobalSection
	GlobalSection(ProjectConfigurationPlatforms) = postSolution
		{94C9E5CA-13C6-408C-BCA2-9BA12E9849EA}.Debug|Any CPU.ActiveCfg = Debug|Any CPU
		{94C9E5CA-13C6-408C-BCA2-9BA12E9849EA}.Debug|Any CPU.Build.0 = Debug|Any CPU
		{94C9E5CA-13C6-408C-BCA2-9BA12E9849EA}.Release|Any CPU.ActiveCfg = Release|Any CPU
		{94C9E5CA-13C6-408C-BCA2-9BA12E9849EA}.Release|Any CPU.Build.0 = Release|Any CPU
	EndGlobalSection
	GlobalSection(SolutionProperties) = preSolution
		HideSolutionNode = FALSE
	EndGlobalSection
	GlobalSection(ExtensibilityGlobals) = postSolution
		SolutionGuid = {F2E34917-DB77-4DE5-81EF-97BDA8645253}
	EndGlobalSection
EndGlobal
